
Microsoft Visual Studio Solution File, Format Version 12.00
# Visual Studio Version 16
VisualStudioVersion = 16.0.32413.511
MinimumVisualStudioVersion = 10.0.40219.1
Project("{FAE04EC0-301F-11D3-BF4B-00C04F79EFBC}") = "EventsDemo", "EventsDemo\EventsDemo.csproj", "{8D22E3FD-3694-4DE3-B429-78BFD1ED6EFD}"
EndProject
Global
	GlobalSection(SolutionConfigurationPlatforms) = preSolution
		Debug|Any CPU = Debug|Any CPU
		Release|Any CPU = Release|Any CPU
	EndGlobalSection
	GlobalSection(ProjectConfigurationPlatforms) = postSolution
		{8D22E3FD-3694-4DE3-B429-78BFD1ED6EFD}.Debug|Any CPU.ActiveCfg = Debug|Any CPU
		{8D22E3FD-3694-4DE3-B429-78BFD1ED6EFD}.Debug|Any CPU.Build.0 = Debug|Any CPU
		{8D22E3FD-3694-4DE3-B429-78BFD1ED6EFD}.Release|Any CPU.ActiveCfg = Release|Any CPU
		{8D22E3FD-3694-4DE3-B429-78BFD1ED6EFD}.Release|Any CPU.Build.0 = Release|Any CPU
	EndGlobalSection
	GlobalSection(SolutionProperties) = preSolution
		HideSolutionNode = FALSE
	EndGlobalSection
	GlobalSection(ExtensibilityGlobals) = postSolution
		SolutionGuid = {C1BB9A09-F818-4619-8B88-D9590201D4EF}
	EndGlobalSection
EndGlobal
